
Microsoft Visual Studio Solution File, Format Version 12.00
# Visual Studio Version 17
VisualStudioVersion = 17.13.35919.96
MinimumVisualStudioVersion = 10.0.40219.1
Project("{FAE04EC0-301F-11D3-BF4B-00C04F79EFBC}") = "Audit.Api", "Audit.Api\Audit.Api.csproj", "{8D0551DF-0CB3-48FF-AE1B-92B5BA9BC900}"
EndProject
Project("{FAE04EC0-301F-11D3-BF4B-00C04F79EFBC}") = "Audit.Core", "Audit.Core\Audit.Core.csproj", "{31ECFA4A-0F8C-4342-9FF7-5752CAB3DB53}"
EndProject
Project("{FAE04EC0-301F-11D3-BF4B-00C04F79EFBC}") = "Audit.Infrastructure", "Audit.Infrastructure\Audit.Infrastructure.csproj", "{B357E20D-B8D5-4576-87FE-AF9DA037793B}"
EndProject
Project("{FAE04EC0-301F-11D3-BF4B-00C04F79EFBC}") = "Audit.Application", "Audit.Application\Audit.Application.csproj", "{B4E51C07-F3A8-4573-BDC3-E5DBBC205094}"
EndProject
Project("{FAE04EC0-301F-11D3-BF4B-00C04F79EFBC}") = "Audit.Test", "Audit.Test\Audit.Test.csproj", "{4CD1DEA5-E1F8-45B4-A256-A2E7E3525917}"
EndProject
Global
	GlobalSection(SolutionConfigurationPlatforms) = preSolution
		Debug|Any CPU = Debug|Any CPU
		Release|Any CPU = Release|Any CPU
	EndGlobalSection
	GlobalSection(ProjectConfigurationPlatforms) = postSolution
		{8D0551DF-0CB3-48FF-AE1B-92B5BA9BC900}.Debug|Any CPU.ActiveCfg = Debug|Any CPU
		{8D0551DF-0CB3-48FF-AE1B-92B5BA9BC900}.Debug|Any CPU.Build.0 = Debug|Any CPU
		{8D0551DF-0CB3-48FF-AE1B-92B5BA9BC900}.Release|Any CPU.ActiveCfg = Release|Any CPU
		{8D0551DF-0CB3-48FF-AE1B-92B5BA9BC900}.Release|Any CPU.Build.0 = Release|Any CPU
		{31ECFA4A-0F8C-4342-9FF7-5752CAB3DB53}.Debug|Any CPU.ActiveCfg = Debug|Any CPU
		{31ECFA4A-0F8C-4342-9FF7-5752CAB3DB53}.Debug|Any CPU.Build.0 = Debug|Any CPU
		{31ECFA4A-0F8C-4342-9FF7-5752CAB3DB53}.Release|Any CPU.ActiveCfg = Release|Any CPU
		{31ECFA4A-0F8C-4342-9FF7-5752CAB3DB53}.Release|Any CPU.Build.0 = Release|Any CPU
		{B357E20D-B8D5-4576-87FE-AF9DA037793B}.Debug|Any CPU.ActiveCfg = Debug|Any CPU
		{B357E20D-B8D5-4576-87FE-AF9DA037793B}.Debug|Any CPU.Build.0 = Debug|Any CPU
		{B357E20D-B8D5-4576-87FE-AF9DA037793B}.Release|Any CPU.ActiveCfg = Release|Any CPU
		{B357E20D-B8D5-4576-87FE-AF9DA037793B}.Release|Any CPU.Build.0 = Release|Any CPU
		{B4E51C07-F3A8-4573-BDC3-E5DBBC205094}.Debug|Any CPU.ActiveCfg = Debug|Any CPU
		{B4E51C07-F3A8-4573-BDC3-E5DBBC205094}.Debug|Any CPU.Build.0 = Debug|Any CPU
		{B4E51C07-F3A8-4573-BDC3-E5DBBC205094}.Release|Any CPU.ActiveCfg = Release|Any CPU
		{B4E51C07-F3A8-4573-BDC3-E5DBBC205094}.Release|Any CPU.Build.0 = Release|Any CPU
		{4CD1DEA5-E1F8-45B4-A256-A2E7E3525917}.Debug|Any CPU.ActiveCfg = Debug|Any CPU
		{4CD1DEA5-E1F8-45B4-A256-A2E7E3525917}.Debug|Any CPU.Build.0 = Debug|Any CPU
		{4CD1DEA5-E1F8-45B4-A256-A2E7E3525917}.Release|Any CPU.ActiveCfg = Release|Any CPU
		{4CD1DEA5-E1F8-45B4-A256-A2E7E3525917}.Release|Any CPU.Build.0 = Release|Any CPU
	EndGlobalSection
	GlobalSection(SolutionProperties) = preSolution
		HideSolutionNode = FALSE
	EndGlobalSection
	GlobalSection(ExtensibilityGlobals) = postSolution
		SolutionGuid = {6C26462D-33BA-4034-91FB-8FDDE2B7308B}
	EndGlobalSection
EndGlobal
